// !$*UTF8*$!
{
	archiveVersion = 1;
	classes = {
	};
	objectVersion = 46;
	objects = {

/* Begin PBXBuildFile section */
		8909102BCEE24505B80325D7 /* libPods.a in Frameworks */ = {isa = PBXBuildFile; fileRef = 0DF77CCB1B7641E1BF2DFDE4 /* libPods.a */; };
		93134D83198AC05F00892148 /* 5.png in Resources */ = {isa = PBXBuildFile; fileRef = 93134D82198AC05F00892148 /* 5.png */; };
		93134D85198AC1B800892148 /* pinterest_logged_into_paypal.png in Resources */ = {isa = PBXBuildFile; fileRef = 93134D84198AC1B800892148 /* pinterest_logged_into_paypal.png */; };
		93134D87198AC23400892148 /* first_screen.png in Resources */ = {isa = PBXBuildFile; fileRef = 93134D86198AC23400892148 /* first_screen.png */; };
		935A9CC31986C3DB00044F53 /* UserIdentityViewController.m in Sources */ = {isa = PBXBuildFile; fileRef = 935A9CC21986C3DB00044F53 /* UserIdentityViewController.m */; };
		935B7007197F00E200AB7C81 /* Podfile in Resources */ = {isa = PBXBuildFile; fileRef = 935B7006197F00E200AB7C81 /* Podfile */; };
		935B704B1982D43900AB7C81 /* CheckReachability.m in Sources */ = {isa = PBXBuildFile; fileRef = 935B704A1982D43900AB7C81 /* CheckReachability.m */; };
		935B70511982D67600AB7C81 /* LoginURLViewController.m in Sources */ = {isa = PBXBuildFile; fileRef = 935B70501982D67600AB7C81 /* LoginURLViewController.m */; };
		93908E7A197D8C8D00B5861C /* Foundation.framework in Frameworks */ = {isa = PBXBuildFile; fileRef = 93908E79197D8C8D00B5861C /* Foundation.framework */; };
		93908E7C197D8C8D00B5861C /* CoreGraphics.framework in Frameworks */ = {isa = PBXBuildFile; fileRef = 93908E7B197D8C8D00B5861C /* CoreGraphics.framework */; };
		93908E7E197D8C8D00B5861C /* UIKit.framework in Frameworks */ = {isa = PBXBuildFile; fileRef = 93908E7D197D8C8D00B5861C /* UIKit.framework */; };
		93908E84197D8C8D00B5861C /* InfoPlist.strings in Resources */ = {isa = PBXBuildFile; fileRef = 93908E82197D8C8D00B5861C /* InfoPlist.strings */; };
		93908E86197D8C8D00B5861C /* main.m in Sources */ = {isa = PBXBuildFile; fileRef = 93908E85197D8C8D00B5861C /* main.m */; };
		93908E8A197D8C8D00B5861C /* AppDelegate.m in Sources */ = {isa = PBXBuildFile; fileRef = 93908E89197D8C8D00B5861C /* AppDelegate.m */; };
		93908E8C197D8C8D00B5861C /* Images.xcassets in Resources */ = {isa = PBXBuildFile; fileRef = 93908E8B197D8C8D00B5861C /* Images.xcassets */; };
		93908E93197D8C8D00B5861C /* XCTest.framework in Frameworks */ = {isa = PBXBuildFile; fileRef = 93908E92197D8C8D00B5861C /* XCTest.framework */; };
		93908E94197D8C8D00B5861C /* Foundation.framework in Frameworks */ = {isa = PBXBuildFile; fileRef = 93908E79197D8C8D00B5861C /* Foundation.framework */; };
		93908E95197D8C8D00B5861C /* UIKit.framework in Frameworks */ = {isa = PBXBuildFile; fileRef = 93908E7D197D8C8D00B5861C /* UIKit.framework */; };
		93908E9D197D8C8D00B5861C /* InfoPlist.strings in Resources */ = {isa = PBXBuildFile; fileRef = 93908E9B197D8C8D00B5861C /* InfoPlist.strings */; };
		93908E9F197D8C8D00B5861C /* LoginWithPayPalTests.m in Sources */ = {isa = PBXBuildFile; fileRef = 93908E9E197D8C8D00B5861C /* LoginWithPayPalTests.m */; };
		93908EAA197D8CAF00B5861C /* PayPalViewController.m in Sources */ = {isa = PBXBuildFile; fileRef = 93908EA9197D8CAF00B5861C /* PayPalViewController.m */; };
		93908EAD197E0D4800B5861C /* BuyNowViewController.m in Sources */ = {isa = PBXBuildFile; fileRef = 93908EAC197E0D4800B5861C /* BuyNowViewController.m */; };
		93908EAF197E0F8100B5861C /* loginwithpaypalbutton.png in Resources */ = {isa = PBXBuildFile; fileRef = 93908EAE197E0F8100B5861C /* loginwithpaypalbutton.png */; };
		93A1871519876C10002A4DA1 /* buy_now_button.png in Resources */ = {isa = PBXBuildFile; fileRef = 93A1871419876C10002A4DA1 /* buy_now_button.png */; };
		93A187181987F983002A4DA1 /* PayPalGuestLoginViewController.m in Sources */ = {isa = PBXBuildFile; fileRef = 93A187171987F983002A4DA1 /* PayPalGuestLoginViewController.m */; };
		93A187601987FE97002A4DA1 /* RBOff.png in Resources */ = {isa = PBXBuildFile; fileRef = 93A1875E1987FE97002A4DA1 /* RBOff.png */; };
		93A187611987FE97002A4DA1 /* RBOn.png in Resources */ = {isa = PBXBuildFile; fileRef = 93A1875F1987FE97002A4DA1 /* RBOn.png */; };
		93CE7DDC1988382C007F86CD /* CreateCartViewController.m in Sources */ = {isa = PBXBuildFile; fileRef = 93CE7DDB1988382C007F86CD /* CreateCartViewController.m */; };
/* End PBXBuildFile section */

/* Begin PBXContainerItemProxy section */
		93908E96197D8C8D00B5861C /* PBXContainerItemProxy */ = {
			isa = PBXContainerItemProxy;
			containerPortal = 93908E6E197D8C8D00B5861C /* Project object */;
			proxyType = 1;
			remoteGlobalIDString = 93908E75197D8C8D00B5861C;
			remoteInfo = LoginWithPayPal;
		};
/* End PBXContainerItemProxy section */

/* Begin PBXFileReference section */
		0DF77CCB1B7641E1BF2DFDE4 /* libPods.a */ = {isa = PBXFileReference; explicitFileType = archive.ar; includeInIndex = 0; path = libPods.a; sourceTree = BUILT_PRODUCTS_DIR; };
		93134D82198AC05F00892148 /* 5.png */ = {isa = PBXFileReference; lastKnownFileType = image.png; path = 5.png; sourceTree = "<group>"; };
		93134D84198AC1B800892148 /* pinterest_logged_into_paypal.png */ = {isa = PBXFileReference; lastKnownFileType = image.png; path = pinterest_logged_into_paypal.png; sourceTree = "<group>"; };
		93134D86198AC23400892148 /* first_screen.png */ = {isa = PBXFileReference; lastKnownFileType = image.png; path = first_screen.png; sourceTree = "<group>"; };
		935A9CC11986C3DB00044F53 /* UserIdentityViewController.h */ = {isa = PBXFileReference; fileEncoding = 4; lastKnownFileType = sourcecode.c.h; path = UserIdentityViewController.h; sourceTree = "<group>"; };
		935A9CC21986C3DB00044F53 /* UserIdentityViewController.m */ = {isa = PBXFileReference; fileEncoding = 4; lastKnownFileType = sourcecode.c.objc; path = UserIdentityViewController.m; sourceTree = "<group>"; };
		935B7006197F00E200AB7C81 /* Podfile */ = {isa = PBXFileReference; fileEncoding = 4; lastKnownFileType = text; path = Podfile; sourceTree = "<group>"; xcLanguageSpecificationIdentifier = xcode.lang.ruby; };
		935B70491982D43900AB7C81 /* CheckReachability.h */ = {isa = PBXFileReference; fileEncoding = 4; lastKnownFileType = sourcecode.c.h; path = CheckReachability.h; sourceTree = "<group>"; };
		935B704A1982D43900AB7C81 /* CheckReachability.m */ = {isa = PBXFileReference; fileEncoding = 4; lastKnownFileType = sourcecode.c.objc; path = CheckReachability.m; sourceTree = "<group>"; };
		935B704F1982D67600AB7C81 /* LoginURLViewController.h */ = {isa = PBXFileReference; fileEncoding = 4; lastKnownFileType = sourcecode.c.h; path = LoginURLViewController.h; sourceTree = "<group>"; };
		935B70501982D67600AB7C81 /* LoginURLViewController.m */ = {isa = PBXFileReference; fileEncoding = 4; lastKnownFileType = sourcecode.c.objc; path = LoginURLViewController.m; sourceTree = "<group>"; };
		93908E76197D8C8D00B5861C /* LoginWithPayPal.app */ = {isa = PBXFileReference; explicitFileType = wrapper.application; includeInIndex = 0; path = LoginWithPayPal.app; sourceTree = BUILT_PRODUCTS_DIR; };
		93908E79197D8C8D00B5861C /* Foundation.framework */ = {isa = PBXFileReference; lastKnownFileType = wrapper.framework; name = Foundation.framework; path = System/Library/Frameworks/Foundation.framework; sourceTree = SDKROOT; };
		93908E7B197D8C8D00B5861C /* CoreGraphics.framework */ = {isa = PBXFileReference; lastKnownFileType = wrapper.framework; name = CoreGraphics.framework; path = System/Library/Frameworks/CoreGraphics.framework; sourceTree = SDKROOT; };
		93908E7D197D8C8D00B5861C /* UIKit.framework */ = {isa = PBXFileReference; lastKnownFileType = wrapper.framework; name = UIKit.framework; path = System/Library/Frameworks/UIKit.framework; sourceTree = SDKROOT; };
		93908E81197D8C8D00B5861C /* LoginWithPayPal-Info.plist */ = {isa = PBXFileReference; lastKnownFileType = text.plist.xml; path = "LoginWithPayPal-Info.plist"; sourceTree = "<group>"; };
		93908E83197D8C8D00B5861C /* en */ = {isa = PBXFileReference; lastKnownFileType = text.plist.strings; name = en; path = en.lproj/InfoPlist.strings; sourceTree = "<group>"; };
		93908E85197D8C8D00B5861C /* main.m */ = {isa = PBXFileReference; lastKnownFileType = sourcecode.c.objc; path = main.m; sourceTree = "<group>"; };
		93908E87197D8C8D00B5861C /* LoginWithPayPal-Prefix.pch */ = {isa = PBXFileReference; lastKnownFileType = sourcecode.c.h; path = "LoginWithPayPal-Prefix.pch"; sourceTree = "<group>"; };
		93908E88197D8C8D00B5861C /* AppDelegate.h */ = {isa = PBXFileReference; lastKnownFileType = sourcecode.c.h; path = AppDelegate.h; sourceTree = "<group>"; };
		93908E89197D8C8D00B5861C /* AppDelegate.m */ = {isa = PBXFileReference; lastKnownFileType = sourcecode.c.objc; path = AppDelegate.m; sourceTree = "<group>"; };
		93908E8B197D8C8D00B5861C /* Images.xcassets */ = {isa = PBXFileReference; lastKnownFileType = folder.assetcatalog; path = Images.xcassets; sourceTree = "<group>"; };
		93908E91197D8C8D00B5861C /* LoginWithPayPalTests.xctest */ = {isa = PBXFileReference; explicitFileType = wrapper.cfbundle; includeInIndex = 0; path = LoginWithPayPalTests.xctest; sourceTree = BUILT_PRODUCTS_DIR; };
		93908E92197D8C8D00B5861C /* XCTest.framework */ = {isa = PBXFileReference; lastKnownFileType = wrapper.framework; name = XCTest.framework; path = Library/Frameworks/XCTest.framework; sourceTree = DEVELOPER_DIR; };
		93908E9A197D8C8D00B5861C /* LoginWithPayPalTests-Info.plist */ = {isa = PBXFileReference; lastKnownFileType = text.plist.xml; path = "LoginWithPayPalTests-Info.plist"; sourceTree = "<group>"; };
		93908E9C197D8C8D00B5861C /* en */ = {isa = PBXFileReference; lastKnownFileType = text.plist.strings; name = en; path = en.lproj/InfoPlist.strings; sourceTree = "<group>"; };
		93908E9E197D8C8D00B5861C /* LoginWithPayPalTests.m */ = {isa = PBXFileReference; lastKnownFileType = sourcecode.c.objc; path = LoginWithPayPalTests.m; sourceTree = "<group>"; };
		93908EA8197D8CAF00B5861C /* PayPalViewController.h */ = {isa = PBXFileReference; fileEncoding = 4; lastKnownFileType = sourcecode.c.h; path = PayPalViewController.h; sourceTree = "<group>"; };
		93908EA9197D8CAF00B5861C /* PayPalViewController.m */ = {isa = PBXFileReference; fileEncoding = 4; lastKnownFileType = sourcecode.c.objc; path = PayPalViewController.m; sourceTree = "<group>"; };
		93908EAB197E0D4800B5861C /* BuyNowViewController.h */ = {isa = PBXFileReference; fileEncoding = 4; lastKnownFileType = sourcecode.c.h; path = BuyNowViewController.h; sourceTree = "<group>"; };
		93908EAC197E0D4800B5861C /* BuyNowViewController.m */ = {isa = PBXFileReference; fileEncoding = 4; lastKnownFileType = sourcecode.c.objc; path = BuyNowViewController.m; sourceTree = "<group>"; };
		93908EAE197E0F8100B5861C /* loginwithpaypalbutton.png */ = {isa = PBXFileReference; lastKnownFileType = image.png; path = loginwithpaypalbutton.png; sourceTree = "<group>"; };
		93A1871419876C10002A4DA1 /* buy_now_button.png */ = {isa = PBXFileReference; lastKnownFileType = image.png; path = buy_now_button.png; sourceTree = "<group>"; };
		93A187161987F983002A4DA1 /* PayPalGuestLoginViewController.h */ = {isa = PBXFileReference; fileEncoding = 4; lastKnownFileType = sourcecode.c.h; path = PayPalGuestLoginViewController.h; sourceTree = "<group>"; };
		93A187171987F983002A4DA1 /* PayPalGuestLoginViewController.m */ = {isa = PBXFileReference; fileEncoding = 4; lastKnownFileType = sourcecode.c.objc; path = PayPalGuestLoginViewController.m; sourceTree = "<group>"; };
		93A1875E1987FE97002A4DA1 /* RBOff.png */ = {isa = PBXFileReference; lastKnownFileType = image.png; path = RBOff.png; sourceTree = "<group>"; };
		93A1875F1987FE97002A4DA1 /* RBOn.png */ = {isa = PBXFileReference; lastKnownFileType = image.png; path = RBOn.png; sourceTree = "<group>"; };
		93CE7DDA1988382C007F86CD /* CreateCartViewController.h */ = {isa = PBXFileReference; fileEncoding = 4; lastKnownFileType = sourcecode.c.h; path = CreateCartViewController.h; sourceTree = "<group>"; };
		93CE7DDB1988382C007F86CD /* CreateCartViewController.m */ = {isa = PBXFileReference; fileEncoding = 4; lastKnownFileType = sourcecode.c.objc; path = CreateCartViewController.m; sourceTree = "<group>"; };
		E9D51C03756549E58A6E12CF /* Pods.xcconfig */ = {isa = PBXFileReference; includeInIndex = 1; lastKnownFileType = text.xcconfig; name = Pods.xcconfig; path = Pods/Pods.xcconfig; sourceTree = "<group>"; };
/* End PBXFileReference section */

/* Begin PBXFrameworksBuildPhase section */
		93908E73197D8C8D00B5861C /* Frameworks */ = {
			isa = PBXFrameworksBuildPhase;
			buildActionMask = 2147483647;
			files = (
				93908E7C197D8C8D00B5861C /* CoreGraphics.framework in Frameworks */,
				93908E7E197D8C8D00B5861C /* UIKit.framework in Frameworks */,
				93908E7A197D8C8D00B5861C /* Foundation.framework in Frameworks */,
				8909102BCEE24505B80325D7 /* libPods.a in Frameworks */,
			);
			runOnlyForDeploymentPostprocessing = 0;
		};
		93908E8E197D8C8D00B5861C /* Frameworks */ = {
			isa = PBXFrameworksBuildPhase;
			buildActionMask = 2147483647;
			files = (
				93908E93197D8C8D00B5861C /* XCTest.framework in Frameworks */,
				93908E95197D8C8D00B5861C /* UIKit.framework in Frameworks */,
				93908E94197D8C8D00B5861C /* Foundation.framework in Frameworks */,
			);
			runOnlyForDeploymentPostprocessing = 0;
		};
/* End PBXFrameworksBuildPhase section */

/* Begin PBXGroup section */
		931861F31987591F004742DC /* Project Images */ = {
			isa = PBXGroup;
			children = (
				93134D84198AC1B800892148 /* pinterest_logged_into_paypal.png */,
				93134D86198AC23400892148 /* first_screen.png */,
				93134D82198AC05F00892148 /* 5.png */,
				93A1875E1987FE97002A4DA1 /* RBOff.png */,
				93A1875F1987FE97002A4DA1 /* RBOn.png */,
				93A1871419876C10002A4DA1 /* buy_now_button.png */,
			);
			name = "Project Images";
			sourceTree = "<group>";
		};
		93908E6D197D8C8D00B5861C = {
			isa = PBXGroup;
			children = (
				935B7006197F00E200AB7C81 /* Podfile */,
				93908E7F197D8C8D00B5861C /* LoginWithPayPal */,
				93908E98197D8C8D00B5861C /* LoginWithPayPalTests */,
				93908E78197D8C8D00B5861C /* Frameworks */,
				93908E77197D8C8D00B5861C /* Products */,
			);
			sourceTree = "<group>";
		};
		93908E77197D8C8D00B5861C /* Products */ = {
			isa = PBXGroup;
			children = (
				93908E76197D8C8D00B5861C /* LoginWithPayPal.app */,
				93908E91197D8C8D00B5861C /* LoginWithPayPalTests.xctest */,
			);
			name = Products;
			sourceTree = "<group>";
		};
		93908E78197D8C8D00B5861C /* Frameworks */ = {
			isa = PBXGroup;
			children = (
				E9D51C03756549E58A6E12CF /* Pods.xcconfig */,
				93908E79197D8C8D00B5861C /* Foundation.framework */,
				93908E7B197D8C8D00B5861C /* CoreGraphics.framework */,
				93908E7D197D8C8D00B5861C /* UIKit.framework */,
				93908E92197D8C8D00B5861C /* XCTest.framework */,
				0DF77CCB1B7641E1BF2DFDE4 /* libPods.a */,
			);
			name = Frameworks;
			sourceTree = "<group>";
		};
		93908E7F197D8C8D00B5861C /* LoginWithPayPal */ = {
			isa = PBXGroup;
			children = (
				93C751B7198A1F7900DE37A0 /* App Delegate Class */,
				93C751B6198A1F5300DE37A0 /* WebView URL Class */,
				93C751B8198A1F8E00DE37A0 /* Buy Now Home Screen */,
				93C751BD198A203D00DE37A0 /* PayPal Login WebView Class */,
				93C751BC198A1FFB00DE37A0 /* Identify User Session Class */,
				93C751BB198A1FD700DE37A0 /* PayPal Guest User Class */,
				93C751BA198A1FC500DE37A0 /* Create Cart Class */,
				93C751B9198A1FAC00DE37A0 /* Check Internet Connection */,
				931861F31987591F004742DC /* Project Images */,
				93908E8B197D8C8D00B5861C /* Images.xcassets */,
				93908E80197D8C8D00B5861C /* Supporting Files */,
			);
			path = LoginWithPayPal;
			sourceTree = "<group>";
		};
		93908E80197D8C8D00B5861C /* Supporting Files */ = {
			isa = PBXGroup;
			children = (
				93908EAE197E0F8100B5861C /* loginwithpaypalbutton.png */,
				93908E81197D8C8D00B5861C /* LoginWithPayPal-Info.plist */,
				93908E82197D8C8D00B5861C /* InfoPlist.strings */,
				93908E85197D8C8D00B5861C /* main.m */,
				93908E87197D8C8D00B5861C /* LoginWithPayPal-Prefix.pch */,
			);
			name = "Supporting Files";
			sourceTree = "<group>";
		};
		93908E98197D8C8D00B5861C /* LoginWithPayPalTests */ = {
			isa = PBXGroup;
			children = (
				93908E9E197D8C8D00B5861C /* LoginWithPayPalTests.m */,
				93908E99197D8C8D00B5861C /* Supporting Files */,
			);
			path = LoginWithPayPalTests;
			sourceTree = "<group>";
		};
		93908E99197D8C8D00B5861C /* Supporting Files */ = {
			isa = PBXGroup;
			children = (
				93908E9A197D8C8D00B5861C /* LoginWithPayPalTests-Info.plist */,
				93908E9B197D8C8D00B5861C /* InfoPlist.strings */,
			);
			name = "Supporting Files";
			sourceTree = "<group>";
		};
		93C751B6198A1F5300DE37A0 /* WebView URL Class */ = {
			isa = PBXGroup;
			children = (
				935B704F1982D67600AB7C81 /* LoginURLViewController.h */,
				935B70501982D67600AB7C81 /* LoginURLViewController.m */,
			);
			name = "WebView URL Class";
			sourceTree = "<group>";
		};
		93C751B7198A1F7900DE37A0 /* App Delegate Class */ = {
			isa = PBXGroup;
			children = (
				93908E88197D8C8D00B5861C /* AppDelegate.h */,
				93908E89197D8C8D00B5861C /* AppDelegate.m */,
			);
			name = "App Delegate Class";
			sourceTree = "<group>";
		};
		93C751B8198A1F8E00DE37A0 /* Buy Now Home Screen */ = {
			isa = PBXGroup;
			children = (
				93908EAB197E0D4800B5861C /* BuyNowViewController.h */,
				93908EAC197E0D4800B5861C /* BuyNowViewController.m */,
			);
			name = "Buy Now Home Screen";
			sourceTree = "<group>";
		};
		93C751B9198A1FAC00DE37A0 /* Check Internet Connection */ = {
			isa = PBXGroup;
			children = (
				935B70491982D43900AB7C81 /* CheckReachability.h */,
				935B704A1982D43900AB7C81 /* CheckReachability.m */,
			);
			name = "Check Internet Connection";
			sourceTree = "<group>";
		};
		93C751BA198A1FC500DE37A0 /* Create Cart Class */ = {
			isa = PBXGroup;
			children = (
				93CE7DDA1988382C007F86CD /* CreateCartViewController.h */,
				93CE7DDB1988382C007F86CD /* CreateCartViewController.m */,
			);
			name = "Create Cart Class";
			sourceTree = "<group>";
		};
		93C751BB198A1FD700DE37A0 /* PayPal Guest User Class */ = {
			isa = PBXGroup;
			children = (
				93A187161987F983002A4DA1 /* PayPalGuestLoginViewController.h */,
				93A187171987F983002A4DA1 /* PayPalGuestLoginViewController.m */,
			);
			name = "PayPal Guest User Class";
			sourceTree = "<group>";
		};
		93C751BC198A1FFB00DE37A0 /* Identify User Session Class */ = {
			isa = PBXGroup;
			children = (
				935A9CC11986C3DB00044F53 /* UserIdentityViewController.h */,
				935A9CC21986C3DB00044F53 /* UserIdentityViewController.m */,
			);
			name = "Identify User Session Class";
			sourceTree = "<group>";
		};
		93C751BD198A203D00DE37A0 /* PayPal Login WebView Class */ = {
			isa = PBXGroup;
			children = (
				93908EA8197D8CAF00B5861C /* PayPalViewController.h */,
				93908EA9197D8CAF00B5861C /* PayPalViewController.m */,
			);
			name = "PayPal Login WebView Class";
			sourceTree = "<group>";
		};
/* End PBXGroup section */

/* Begin PBXNativeTarget section */
		93908E75197D8C8D00B5861C /* LoginWithPayPal */ = {
			isa = PBXNativeTarget;
			buildConfigurationList = 93908EA2197D8C8D00B5861C /* Build configuration list for PBXNativeTarget "LoginWithPayPal" */;
			buildPhases = (
				D044C87D276A47E584C5C22D /* Check Pods Manifest.lock */,
				93908E72197D8C8D00B5861C /* Sources */,
				93908E73197D8C8D00B5861C /* Frameworks */,
				93908E74197D8C8D00B5861C /* Resources */,
				C68FEF17C3A14A88A81F0F63 /* Copy Pods Resources */,
			);
			buildRules = (
			);
			dependencies = (
			);
			name = LoginWithPayPal;
			productName = LoginWithPayPal;
			productReference = 93908E76197D8C8D00B5861C /* LoginWithPayPal.app */;
			productType = "com.apple.product-type.application";
		};
		93908E90197D8C8D00B5861C /* LoginWithPayPalTests */ = {
			isa = PBXNativeTarget;
			buildConfigurationList = 93908EA5197D8C8D00B5861C /* Build configuration list for PBXNativeTarget "LoginWithPayPalTests" */;
			buildPhases = (
				93908E8D197D8C8D00B5861C /* Sources */,
				93908E8E197D8C8D00B5861C /* Frameworks */,
				93908E8F197D8C8D00B5861C /* Resources */,
			);
			buildRules = (
			);
			dependencies = (
				93908E97197D8C8D00B5861C /* PBXTargetDependency */,
			);
			name = LoginWithPayPalTests;
			productName = LoginWithPayPalTests;
			productReference = 93908E91197D8C8D00B5861C /* LoginWithPayPalTests.xctest */;
			productType = "com.apple.product-type.bundle.unit-test";
		};
/* End PBXNativeTarget section */

/* Begin PBXProject section */
		93908E6E197D8C8D00B5861C /* Project object */ = {
			isa = PBXProject;
			attributes = {
				LastUpgradeCheck = 0510;
				ORGANIZATIONNAME = "eBay Inc.";
				TargetAttributes = {
					93908E75197D8C8D00B5861C = {
						DevelopmentTeam = YTABQD33G5;
					};
					93908E90197D8C8D00B5861C = {
						TestTargetID = 93908E75197D8C8D00B5861C;
					};
				};
			};
			buildConfigurationList = 93908E71197D8C8D00B5861C /* Build configuration list for PBXProject "LoginWithPayPal" */;
			compatibilityVersion = "Xcode 3.2";
			developmentRegion = English;
			hasScannedForEncodings = 0;
			knownRegions = (
				en,
			);
			mainGroup = 93908E6D197D8C8D00B5861C;
			productRefGroup = 93908E77197D8C8D00B5861C /* Products */;
			projectDirPath = "";
			projectRoot = "";
			targets = (
				93908E75197D8C8D00B5861C /* LoginWithPayPal */,
				93908E90197D8C8D00B5861C /* LoginWithPayPalTests */,
			);
		};
/* End PBXProject section */

/* Begin PBXResourcesBuildPhase section */
		93908E74197D8C8D00B5861C /* Resources */ = {
			isa = PBXResourcesBuildPhase;
			buildActionMask = 2147483647;
			files = (
				93908EAF197E0F8100B5861C /* loginwithpaypalbutton.png in Resources */,
				93134D85198AC1B800892148 /* pinterest_logged_into_paypal.png in Resources */,
				93A1871519876C10002A4DA1 /* buy_now_button.png in Resources */,
				93908E84197D8C8D00B5861C /* InfoPlist.strings in Resources */,
				93A187601987FE97002A4DA1 /* RBOff.png in Resources */,
				935B7007197F00E200AB7C81 /* Podfile in Resources */,
				93134D83198AC05F00892148 /* 5.png in Resources */,
				93A187611987FE97002A4DA1 /* RBOn.png in Resources */,
				93134D87198AC23400892148 /* first_screen.png in Resources */,
				93908E8C197D8C8D00B5861C /* Images.xcassets in Resources */,
			);
			runOnlyForDeploymentPostprocessing = 0;
		};
		93908E8F197D8C8D00B5861C /* Resources */ = {
			isa = PBXResourcesBuildPhase;
			buildActionMask = 2147483647;
			files = (
				93908E9D197D8C8D00B5861C /* InfoPlist.strings in Resources */,
			);
			runOnlyForDeploymentPostprocessing = 0;
		};
/* End PBXResourcesBuildPhase section */

/* Begin PBXShellScriptBuildPhase section */
		C68FEF17C3A14A88A81F0F63 /* Copy Pods Resources */ = {
			isa = PBXShellScriptBuildPhase;
			buildActionMask = 2147483647;
			files = (
			);
			inputPaths = (
			);
			name = "Copy Pods Resources";
			outputPaths = (
			);
			runOnlyForDeploymentPostprocessing = 0;
			shellPath = /bin/sh;
			shellScript = "\"${SRCROOT}/Pods/Pods-resources.sh\"\n";
			showEnvVarsInLog = 0;
		};
		D044C87D276A47E584C5C22D /* Check Pods Manifest.lock */ = {
			isa = PBXShellScriptBuildPhase;
			buildActionMask = 2147483647;
			files = (
			);
			inputPaths = (
			);
			name = "Check Pods Manifest.lock";
			outputPaths = (
			);
			runOnlyForDeploymentPostprocessing = 0;
			shellPath = /bin/sh;
			shellScript = "diff \"${PODS_ROOT}/../Podfile.lock\" \"${PODS_ROOT}/Manifest.lock\" > /dev/null\nif [[ $? != 0 ]] ; then\n    cat << EOM\nerror: The sandbox is not in sync with the Podfile.lock. Run 'pod install' or update your CocoaPods installation.\nEOM\n    exit 1\nfi\n";
			showEnvVarsInLog = 0;
		};
/* End PBXShellScriptBuildPhase section */

/* Begin PBXSourcesBuildPhase section */
		93908E72197D8C8D00B5861C /* Sources */ = {
			isa = PBXSourcesBuildPhase;
			buildActionMask = 2147483647;
			files = (
				935A9CC31986C3DB00044F53 /* UserIdentityViewController.m in Sources */,
				935B70511982D67600AB7C81 /* LoginURLViewController.m in Sources */,
				93908EAD197E0D4800B5861C /* BuyNowViewController.m in Sources */,
				93908E8A197D8C8D00B5861C /* AppDelegate.m in Sources */,
				93CE7DDC1988382C007F86CD /* CreateCartViewController.m in Sources */,
				93A187181987F983002A4DA1 /* PayPalGuestLoginViewController.m in Sources */,
				93908E86197D8C8D00B5861C /* main.m in Sources */,
				93908EAA197D8CAF00B5861C /* PayPalViewController.m in Sources */,
				935B704B1982D43900AB7C81 /* CheckReachability.m in Sources */,
			);
			runOnlyForDeploymentPostprocessing = 0;
		};
		93908E8D197D8C8D00B5861C /* Sources */ = {
			isa = PBXSourcesBuildPhase;
			buildActionMask = 2147483647;
			files = (
				93908E9F197D8C8D00B5861C /* LoginWithPayPalTests.m in Sources */,
			);
			runOnlyForDeploymentPostprocessing = 0;
		};
/* End PBXSourcesBuildPhase section */

/* Begin PBXTargetDependency section */
		93908E97197D8C8D00B5861C /* PBXTargetDependency */ = {
			isa = PBXTargetDependency;
			target = 93908E75197D8C8D00B5861C /* LoginWithPayPal */;
			targetProxy = 93908E96197D8C8D00B5861C /* PBXContainerItemProxy */;
		};
/* End PBXTargetDependency section */

/* Begin PBXVariantGroup section */
		93908E82197D8C8D00B5861C /* InfoPlist.strings */ = {
			isa = PBXVariantGroup;
			children = (
				93908E83197D8C8D00B5861C /* en */,
			);
			name = InfoPlist.strings;
			sourceTree = "<group>";
		};
		93908E9B197D8C8D00B5861C /* InfoPlist.strings */ = {
			isa = PBXVariantGroup;
			children = (
				93908E9C197D8C8D00B5861C /* en */,
			);
			name = InfoPlist.strings;
			sourceTree = "<group>";
		};
/* End PBXVariantGroup section */

/* Begin XCBuildConfiguration section */
		93908EA0197D8C8D00B5861C /* Debug */ = {
			isa = XCBuildConfiguration;
			buildSettings = {
				ALWAYS_SEARCH_USER_PATHS = NO;
				CLANG_CXX_LANGUAGE_STANDARD = "gnu++0x";
				CLANG_CXX_LIBRARY = "libc++";
				CLANG_ENABLE_MODULES = YES;
				CLANG_ENABLE_OBJC_ARC = YES;
				CLANG_WARN_BOOL_CONVERSION = YES;
				CLANG_WARN_CONSTANT_CONVERSION = YES;
				CLANG_WARN_DIRECT_OBJC_ISA_USAGE = YES_ERROR;
				CLANG_WARN_EMPTY_BODY = YES;
				CLANG_WARN_ENUM_CONVERSION = YES;
				CLANG_WARN_INT_CONVERSION = YES;
				CLANG_WARN_OBJC_ROOT_CLASS = YES_ERROR;
				CLANG_WARN__DUPLICATE_METHOD_MATCH = YES;
				"CODE_SIGN_IDENTITY[sdk=iphoneos*]" = "iPhone Developer";
				COPY_PHASE_STRIP = NO;
				GCC_C_LANGUAGE_STANDARD = gnu99;
				GCC_DYNAMIC_NO_PIC = NO;
				GCC_OPTIMIZATION_LEVEL = 0;
				GCC_PREPROCESSOR_DEFINITIONS = (
					"DEBUG=1",
					"$(inherited)",
				);
				GCC_SYMBOLS_PRIVATE_EXTERN = NO;
				GCC_WARN_64_TO_32_BIT_CONVERSION = YES;
				GCC_WARN_ABOUT_RETURN_TYPE = YES_ERROR;
				GCC_WARN_UNDECLARED_SELECTOR = YES;
				GCC_WARN_UNINITIALIZED_AUTOS = YES_AGGRESSIVE;
				GCC_WARN_UNUSED_FUNCTION = YES;
				GCC_WARN_UNUSED_VARIABLE = YES;
				IPHONEOS_DEPLOYMENT_TARGET = 7.1;
				ONLY_ACTIVE_ARCH = YES;
				SDKROOT = iphoneos;
			};
			name = Debug;
		};
		93908EA1197D8C8D00B5861C /* Release */ = {
			isa = XCBuildConfiguration;
			buildSettings = {
				ALWAYS_SEARCH_USER_PATHS = NO;
				CLANG_CXX_LANGUAGE_STANDARD = "gnu++0x";
				CLANG_CXX_LIBRARY = "libc++";
				CLANG_ENABLE_MODULES = YES;
				CLANG_ENABLE_OBJC_ARC = YES;
				CLANG_WARN_BOOL_CONVERSION = YES;
				CLANG_WARN_CONSTANT_CONVERSION = YES;
				CLANG_WARN_DIRECT_OBJC_ISA_USAGE = YES_ERROR;
				CLANG_WARN_EMPTY_BODY = YES;
				CLANG_WARN_ENUM_CONVERSION = YES;
				CLANG_WARN_INT_CONVERSION = YES;
				CLANG_WARN_OBJC_ROOT_CLASS = YES_ERROR;
				CLANG_WARN__DUPLICATE_METHOD_MATCH = YES;
				"CODE_SIGN_IDENTITY[sdk=iphoneos*]" = "iPhone Developer";
				COPY_PHASE_STRIP = YES;
				ENABLE_NS_ASSERTIONS = NO;
				GCC_C_LANGUAGE_STANDARD = gnu99;
				GCC_WARN_64_TO_32_BIT_CONVERSION = YES;
				GCC_WARN_ABOUT_RETURN_TYPE = YES_ERROR;
				GCC_WARN_UNDECLARED_SELECTOR = YES;
				GCC_WARN_UNINITIALIZED_AUTOS = YES_AGGRESSIVE;
				GCC_WARN_UNUSED_FUNCTION = YES;
				GCC_WARN_UNUSED_VARIABLE = YES;
				IPHONEOS_DEPLOYMENT_TARGET = 7.1;
				SDKROOT = iphoneos;
				VALIDATE_PRODUCT = YES;
			};
			name = Release;
		};
		93908EA3197D8C8D00B5861C /* Debug */ = {
			isa = XCBuildConfiguration;
			baseConfigurationReference = E9D51C03756549E58A6E12CF /* Pods.xcconfig */;
			buildSettings = {
				ASSETCATALOG_COMPILER_APPICON_NAME = AppIcon;
				ASSETCATALOG_COMPILER_LAUNCHIMAGE_NAME = LaunchImage;
				CODE_SIGN_IDENTITY = "iPhone Developer";
				GCC_PRECOMPILE_PREFIX_HEADER = YES;
				GCC_PREFIX_HEADER = "LoginWithPayPal/LoginWithPayPal-Prefix.pch";
				INFOPLIST_FILE = "LoginWithPayPal/LoginWithPayPal-Info.plist";
				PRODUCT_NAME = "$(TARGET_NAME)";
				WRAPPER_EXTENSION = app;
			};
			name = Debug;
		};
		93908EA4197D8C8D00B5861C /* Release */ = {
			isa = XCBuildConfiguration;
			baseConfigurationReference = E9D51C03756549E58A6E12CF /* Pods.xcconfig */;
			buildSettings = {
				ASSETCATALOG_COMPILER_APPICON_NAME = AppIcon;
				ASSETCATALOG_COMPILER_LAUNCHIMAGE_NAME = LaunchImage;
				CODE_SIGN_IDENTITY = "iPhone Developer";
				GCC_PRECOMPILE_PREFIX_HEADER = YES;
				GCC_PREFIX_HEADER = "LoginWithPayPal/LoginWithPayPal-Prefix.pch";
				INFOPLIST_FILE = "LoginWithPayPal/LoginWithPayPal-Info.plist";
				PRODUCT_NAME = "$(TARGET_NAME)";
				WRAPPER_EXTENSION = app;
			};
			name = Release;
		};
		93908EA6197D8C8D00B5861C /* Debug */ = {
			isa = XCBuildConfiguration;
			buildSettings = {
				BUNDLE_LOADER = "$(BUILT_PRODUCTS_DIR)/LoginWithPayPal.app/LoginWithPayPal";
				FRAMEWORK_SEARCH_PATHS = (
					"$(SDKROOT)/Developer/Library/Frameworks",
					"$(inherited)",
					"$(DEVELOPER_FRAMEWORKS_DIR)",
				);
				GCC_PRECOMPILE_PREFIX_HEADER = YES;
				GCC_PREFIX_HEADER = "LoginWithPayPal/LoginWithPayPal-Prefix.pch";
				GCC_PREPROCESSOR_DEFINITIONS = (
					"DEBUG=1",
					"$(inherited)",
				);
				INFOPLIST_FILE = "LoginWithPayPalTests/LoginWithPayPalTests-Info.plist";
				PRODUCT_NAME = "$(TARGET_NAME)";
				TEST_HOST = "$(BUNDLE_LOADER)";
				WRAPPER_EXTENSION = xctest;
			};
			name = Debug;
		};
		93908EA7197D8C8D00B5861C /* Release */ = {
			isa = XCBuildConfiguration;
			buildSettings = {
				BUNDLE_LOADER = "$(BUILT_PRODUCTS_DIR)/LoginWithPayPal.app/LoginWithPayPal";
				FRAMEWORK_SEARCH_PATHS = (
					"$(SDKROOT)/Developer/Library/Frameworks",
					"$(inherited)",
					"$(DEVELOPER_FRAMEWORKS_DIR)",
				);
				GCC_PRECOMPILE_PREFIX_HEADER = YES;
				GCC_PREFIX_HEADER = "LoginWithPayPal/LoginWithPayPal-Prefix.pch";
				INFOPLIST_FILE = "LoginWithPayPalTests/LoginWithPayPalTests-Info.plist";
				PRODUCT_NAME = "$(TARGET_NAME)";
				TEST_HOST = "$(BUNDLE_LOADER)";
				WRAPPER_EXTENSION = xctest;
			};
			name = Release;
		};
/* End XCBuildConfiguration section */

/* Begin XCConfigurationList section */
		93908E71197D8C8D00B5861C /* Build configuration list for PBXProject "LoginWithPayPal" */ = {
			isa = XCConfigurationList;
			buildConfigurations = (
				93908EA0197D8C8D00B5861C /* Debug */,
				93908EA1197D8C8D00B5861C /* Release */,
			);
			defaultConfigurationIsVisible = 0;
			defaultConfigurationName = Release;
		};
		93908EA2197D8C8D00B5861C /* Build configuration list for PBXNativeTarget "LoginWithPayPal" */ = {
			isa = XCConfigurationList;
			buildConfigurations = (
				93908EA3197D8C8D00B5861C /* Debug */,
				93908EA4197D8C8D00B5861C /* Release */,
			);
			defaultConfigurationIsVisible = 0;
			defaultConfigurationName = Release;
		};
		93908EA5197D8C8D00B5861C /* Build configuration list for PBXNativeTarget "LoginWithPayPalTests" */ = {
			isa = XCConfigurationList;
			buildConfigurations = (
				93908EA6197D8C8D00B5861C /* Debug */,
				93908EA7197D8C8D00B5861C /* Release */,
			);
			defaultConfigurationIsVisible = 0;
			defaultConfigurationName = Release;
		};
/* End XCConfigurationList section */
	};
	rootObject = 93908E6E197D8C8D00B5861C /* Project object */;
}
